
Microsoft Visual Studio Solution File, Format Version 12.00
# Visual Studio Version 16
VisualStudioVersion = 16.0.30907.101
MinimumVisualStudioVersion = 10.0.40219.1
Project("{9A19103F-16F7-4668-BE54-9A1E7A4F7556}") = "Prog 3 - Parcial 2", "Prog 3 - Parcial 2.csproj", "{D3B8D7D9-12C3-4885-A87E-C63D6A90A7A2}"
EndProject
Global
	GlobalSection(SolutionConfigurationPlatforms) = preSolution
		Debug|Any CPU = Debug|Any CPU
		Release|Any CPU = Release|Any CPU
	EndGlobalSection
	GlobalSection(ProjectConfigurationPlatforms) = postSolution
		{D3B8D7D9-12C3-4885-A87E-C63D6A90A7A2}.Debug|Any CPU.ActiveCfg = Debug|Any CPU
		{D3B8D7D9-12C3-4885-A87E-C63D6A90A7A2}.Debug|Any CPU.Build.0 = Debug|Any CPU
		{D3B8D7D9-12C3-4885-A87E-C63D6A90A7A2}.Release|Any CPU.ActiveCfg = Release|Any CPU
		{D3B8D7D9-12C3-4885-A87E-C63D6A90A7A2}.Release|Any CPU.Build.0 = Release|Any CPU
	EndGlobalSection
	GlobalSection(SolutionProperties) = preSolution
		HideSolutionNode = FALSE
	EndGlobalSection
	GlobalSection(ExtensibilityGlobals) = postSolution
		SolutionGuid = {A1E68B71-6D18-4240-822E-AF79F232138C}
	EndGlobalSection
EndGlobal
